
Microsoft Visual Studio Solution File, Format Version 12.00
# Visual Studio Version 17
VisualStudioVersion = 17.2.32630.192
MinimumVisualStudioVersion = 10.0.40219.1
Project("{FAE04EC0-301F-11D3-BF4B-00C04F79EFBC}") = "Oop2", "Oop2.csproj", "{497D4444-0F33-4805-97A0-BD620AD028D8}"
EndProject
Global
	GlobalSection(SolutionConfigurationPlatforms) = preSolution
		Debug|Any CPU = Debug|Any CPU
		Release|Any CPU = Release|Any CPU
	EndGlobalSection
	GlobalSection(ProjectConfigurationPlatforms) = postSolution
		{497D4444-0F33-4805-97A0-BD620AD028D8}.Debug|Any CPU.ActiveCfg = Debug|Any CPU
		{497D4444-0F33-4805-97A0-BD620AD028D8}.Debug|Any CPU.Build.0 = Debug|Any CPU
		{497D4444-0F33-4805-97A0-BD620AD028D8}.Release|Any CPU.ActiveCfg = Release|Any CPU
		{497D4444-0F33-4805-97A0-BD620AD028D8}.Release|Any CPU.Build.0 = Release|Any CPU
	EndGlobalSection
	GlobalSection(SolutionProperties) = preSolution
		HideSolutionNode = FALSE
	EndGlobalSection
	GlobalSection(ExtensibilityGlobals) = postSolution
		SolutionGuid = {F72E7776-1A32-4EAD-8217-C9FC82F39AFF}
	EndGlobalSection
EndGlobal
